
Microsoft Visual Studio Solution File, Format Version 12.00
# Visual Studio Version 17
VisualStudioVersion = 17.7.34031.279
MinimumVisualStudioVersion = 10.0.40219.1
Project("{8BC9CEB8-8B4A-11D0-8D11-00A0C91BC942}") = "rectangle", "rectangle.vcxproj", "{DECBDFC7-5D60-46BA-AE02-E859E8F7A81C}"
EndProject
Project("{2150E333-8FDC-42A3-9474-1A3956D46DE8}") = "Solution Items", "Solution Items", "{7706AFC7-A5BE-433C-9C21-42CE5854129A}"
	ProjectSection(SolutionItems) = preProject
		Perimeter.cpp = Perimeter.cpp
	EndProjectSection
EndProject
Global
	GlobalSection(SolutionConfigurationPlatforms) = preSolution
		Debug|ARM = Debug|ARM
		Debug|ARM64 = Debug|ARM64
		Debug|x64 = Debug|x64
		Debug|x86 = Debug|x86
		Release|ARM = Release|ARM
		Release|ARM64 = Release|ARM64
		Release|x64 = Release|x64
		Release|x86 = Release|x86
	EndGlobalSection
	GlobalSection(ProjectConfigurationPlatforms) = postSolution
		{DECBDFC7-5D60-46BA-AE02-E859E8F7A81C}.Debug|ARM.ActiveCfg = Debug|ARM
		{DECBDFC7-5D60-46BA-AE02-E859E8F7A81C}.Debug|ARM.Build.0 = Debug|ARM
		{DECBDFC7-5D60-46BA-AE02-E859E8F7A81C}.Debug|ARM.Deploy.0 = Debug|ARM
		{DECBDFC7-5D60-46BA-AE02-E859E8F7A81C}.Debug|ARM64.ActiveCfg = Debug|ARM64
		{DECBDFC7-5D60-46BA-AE02-E859E8F7A81C}.Debug|ARM64.Build.0 = Debug|ARM64
		{DECBDFC7-5D60-46BA-AE02-E859E8F7A81C}.Debug|ARM64.Deploy.0 = Debug|ARM64
		{DECBDFC7-5D60-46BA-AE02-E859E8F7A81C}.Debug|x64.ActiveCfg = Debug|x64
		{DECBDFC7-5D60-46BA-AE02-E859E8F7A81C}.Debug|x64.Build.0 = Debug|x64
		{DECBDFC7-5D60-46BA-AE02-E859E8F7A81C}.Debug|x64.Deploy.0 = Debug|x64
		{DECBDFC7-5D60-46BA-AE02-E859E8F7A81C}.Debug|x86.ActiveCfg = Debug|x86
		{DECBDFC7-5D60-46BA-AE02-E859E8F7A81C}.Debug|x86.Build.0 = Debug|x86
		{DECBDFC7-5D60-46BA-AE02-E859E8F7A81C}.Debug|x86.Deploy.0 = Debug|x86
		{DECBDFC7-5D60-46BA-AE02-E859E8F7A81C}.Release|ARM.ActiveCfg = Release|ARM
		{DECBDFC7-5D60-46BA-AE02-E859E8F7A81C}.Release|ARM.Build.0 = Release|ARM
		{DECBDFC7-5D60-46BA-AE02-E859E8F7A81C}.Release|ARM.Deploy.0 = Release|ARM
		{DECBDFC7-5D60-46BA-AE02-E859E8F7A81C}.Release|ARM64.ActiveCfg = Release|ARM64
		{DECBDFC7-5D60-46BA-AE02-E859E8F7A81C}.Release|ARM64.Build.0 = Release|ARM64
		{DECBDFC7-5D60-46BA-AE02-E859E8F7A81C}.Release|ARM64.Deploy.0 = Release|ARM64
		{DECBDFC7-5D60-46BA-AE02-E859E8F7A81C}.Release|x64.ActiveCfg = Release|x64
		{DECBDFC7-5D60-46BA-AE02-E859E8F7A81C}.Release|x64.Build.0 = Release|x64
		{DECBDFC7-5D60-46BA-AE02-E859E8F7A81C}.Release|x64.Deploy.0 = Release|x64
		{DECBDFC7-5D60-46BA-AE02-E859E8F7A81C}.Release|x86.ActiveCfg = Release|x86
		{DECBDFC7-5D60-46BA-AE02-E859E8F7A81C}.Release|x86.Build.0 = Release|x86
		{DECBDFC7-5D60-46BA-AE02-E859E8F7A81C}.Release|x86.Deploy.0 = Release|x86
	EndGlobalSection
	GlobalSection(SolutionProperties) = preSolution
		HideSolutionNode = FALSE
	EndGlobalSection
	GlobalSection(ExtensibilityGlobals) = postSolution
		SolutionGuid = {02034895-0B67-4DC0-9138-24C038A14369}
	EndGlobalSection
EndGlobal
